// !$*UTF8*$!
{
	archiveVersion = 1;
	classes = {
	};
	objectVersion = 55;
	objects = {

/* Begin PBXBuildFile section */
		D2228FAE291FE39300AA7E22 /* PlantsApp.swift in Sources */ = {isa = PBXBuildFile; fileRef = D2228FAD291FE39300AA7E22 /* PlantsApp.swift */; };
		D2228FB0291FE39300AA7E22 /* ContentView.swift in Sources */ = {isa = PBXBuildFile; fileRef = D2228FAF291FE39300AA7E22 /* ContentView.swift */; };
		D2228FB5291FE39800AA7E22 /* Preview Assets.xcassets in Resources */ = {isa = PBXBuildFile; fileRef = D2228FB4291FE39800AA7E22 /* Preview Assets.xcassets */; };
		D2228FBF291FE39800AA7E22 /* PlantsTests.swift in Sources */ = {isa = PBXBuildFile; fileRef = D2228FBE291FE39800AA7E22 /* PlantsTests.swift */; };
		D2228FC9291FE39800AA7E22 /* PlantsUITests.swift in Sources */ = {isa = PBXBuildFile; fileRef = D2228FC8291FE39800AA7E22 /* PlantsUITests.swift */; };
		D2228FCB291FE39800AA7E22 /* PlantsUITestsLaunchTests.swift in Sources */ = {isa = PBXBuildFile; fileRef = D2228FCA291FE39800AA7E22 /* PlantsUITestsLaunchTests.swift */; };
		D2228FDA291FEC1F00AA7E22 /* Plants.swift in Sources */ = {isa = PBXBuildFile; fileRef = D2228FD9291FEC1F00AA7E22 /* Plants.swift */; };
		D2228FDC291FF14C00AA7E22 /* Assets.xcassets in Resources */ = {isa = PBXBuildFile; fileRef = D2228FDB291FF14C00AA7E22 /* Assets.xcassets */; };
		D23D278729240F530094ABEA /* Home.swift in Sources */ = {isa = PBXBuildFile; fileRef = D23D278629240F530094ABEA /* Home.swift */; };
/* End PBXBuildFile section */

/* Begin PBXContainerItemProxy section */
		D2228FBB291FE39800AA7E22 /* PBXContainerItemProxy */ = {
			isa = PBXContainerItemProxy;
			containerPortal = D2228FA2291FE39300AA7E22 /* Project object */;
			proxyType = 1;
			remoteGlobalIDString = D2228FA9291FE39300AA7E22;
			remoteInfo = Plants;
		};
		D2228FC5291FE39800AA7E22 /* PBXContainerItemProxy */ = {
			isa = PBXContainerItemProxy;
			containerPortal = D2228FA2291FE39300AA7E22 /* Project object */;
			proxyType = 1;
			remoteGlobalIDString = D2228FA9291FE39300AA7E22;
			remoteInfo = Plants;
		};
/* End PBXContainerItemProxy section */

/* Begin PBXFileReference section */
		D2228FAA291FE39300AA7E22 /* Plants.app */ = {isa = PBXFileReference; explicitFileType = wrapper.application; includeInIndex = 0; path = Plants.app; sourceTree = BUILT_PRODUCTS_DIR; };
		D2228FAD291FE39300AA7E22 /* PlantsApp.swift */ = {isa = PBXFileReference; lastKnownFileType = sourcecode.swift; path = PlantsApp.swift; sourceTree = "<group>"; };
		D2228FAF291FE39300AA7E22 /* ContentView.swift */ = {isa = PBXFileReference; lastKnownFileType = sourcecode.swift; path = ContentView.swift; sourceTree = "<group>"; };
		D2228FB4291FE39800AA7E22 /* Preview Assets.xcassets */ = {isa = PBXFileReference; lastKnownFileType = folder.assetcatalog; path = "Preview Assets.xcassets"; sourceTree = "<group>"; };
		D2228FBA291FE39800AA7E22 /* PlantsTests.xctest */ = {isa = PBXFileReference; explicitFileType = wrapper.cfbundle; includeInIndex = 0; path = PlantsTests.xctest; sourceTree = BUILT_PRODUCTS_DIR; };
		D2228FBE291FE39800AA7E22 /* PlantsTests.swift */ = {isa = PBXFileReference; lastKnownFileType = sourcecode.swift; path = PlantsTests.swift; sourceTree = "<group>"; };
		D2228FC4291FE39800AA7E22 /* PlantsUITests.xctest */ = {isa = PBXFileReference; explicitFileType = wrapper.cfbundle; includeInIndex = 0; path = PlantsUITests.xctest; sourceTree = BUILT_PRODUCTS_DIR; };
		D2228FC8291FE39800AA7E22 /* PlantsUITests.swift */ = {isa = PBXFileReference; lastKnownFileType = sourcecode.swift; path = PlantsUITests.swift; sourceTree = "<group>"; };
		D2228FCA291FE39800AA7E22 /* PlantsUITestsLaunchTests.swift */ = {isa = PBXFileReference; lastKnownFileType = sourcecode.swift; path = PlantsUITestsLaunchTests.swift; sourceTree = "<group>"; };
		D2228FD9291FEC1F00AA7E22 /* Plants.swift */ = {isa = PBXFileReference; lastKnownFileType = sourcecode.swift; path = Plants.swift; sourceTree = "<group>"; };
		D2228FDB291FF14C00AA7E22 /* Assets.xcassets */ = {isa = PBXFileReference; lastKnownFileType = folder.assetcatalog; name = Assets.xcassets; path = ../../FinancialApp/FinancialApp/Assets.xcassets; sourceTree = "<group>"; };
		D23D278629240F530094ABEA /* Home.swift */ = {isa = PBXFileReference; lastKnownFileType = sourcecode.swift; path = Home.swift; sourceTree = "<group>"; };
/* End PBXFileReference section */

/* Begin PBXFrameworksBuildPhase section */
		D2228FA7291FE39300AA7E22 /* Frameworks */ = {
			isa = PBXFrameworksBuildPhase;
			buildActionMask = 2147483647;
			files = (
			);
			runOnlyForDeploymentPostprocessing = 0;
		};
		D2228FB7291FE39800AA7E22 /* Frameworks */ = {
			isa = PBXFrameworksBuildPhase;
			buildActionMask = 2147483647;
			files = (
			);
			runOnlyForDeploymentPostprocessing = 0;
		};
		D2228FC1291FE39800AA7E22 /* Frameworks */ = {
			isa = PBXFrameworksBuildPhase;
			buildActionMask = 2147483647;
			files = (
			);
			runOnlyForDeploymentPostprocessing = 0;
		};
/* End PBXFrameworksBuildPhase section */

/* Begin PBXGroup section */
		D2228FA1291FE39300AA7E22 = {
			isa = PBXGroup;
			children = (
				D2228FAC291FE39300AA7E22 /* Plants */,
				D2228FBD291FE39800AA7E22 /* PlantsTests */,
				D2228FC7291FE39800AA7E22 /* PlantsUITests */,
				D2228FAB291FE39300AA7E22 /* Products */,
			);
			sourceTree = "<group>";
		};
		D2228FAB291FE39300AA7E22 /* Products */ = {
			isa = PBXGroup;
			children = (
				D2228FAA291FE39300AA7E22 /* Plants.app */,
				D2228FBA291FE39800AA7E22 /* PlantsTests.xctest */,
				D2228FC4291FE39800AA7E22 /* PlantsUITests.xctest */,
			);
			name = Products;
			sourceTree = "<group>";
		};
		D2228FAC291FE39300AA7E22 /* Plants */ = {
			isa = PBXGroup;
			children = (
				D2228FD8291FE9E800AA7E22 /* Model */,
				D2228FD7291FE9DB00AA7E22 /* View */,
				D2228FAD291FE39300AA7E22 /* PlantsApp.swift */,
				D2228FAF291FE39300AA7E22 /* ContentView.swift */,
				D2228FDB291FF14C00AA7E22 /* Assets.xcassets */,
				D2228FB3291FE39800AA7E22 /* Preview Content */,
			);
			path = Plants;
			sourceTree = "<group>";
		};
		D2228FB3291FE39800AA7E22 /* Preview Content */ = {
			isa = PBXGroup;
			children = (
				D2228FB4291FE39800AA7E22 /* Preview Assets.xcassets */,
			);
			path = "Preview Content";
			sourceTree = "<group>";
		};
		D2228FBD291FE39800AA7E22 /* PlantsTests */ = {
			isa = PBXGroup;
			children = (
				D2228FBE291FE39800AA7E22 /* PlantsTests.swift */,
			);
			path = PlantsTests;
			sourceTree = "<group>";
		};
		D2228FC7291FE39800AA7E22 /* PlantsUITests */ = {
			isa = PBXGroup;
			children = (
				D2228FC8291FE39800AA7E22 /* PlantsUITests.swift */,
				D2228FCA291FE39800AA7E22 /* PlantsUITestsLaunchTests.swift */,
			);
			path = PlantsUITests;
			sourceTree = "<group>";
		};
		D2228FD7291FE9DB00AA7E22 /* View */ = {
			isa = PBXGroup;
			children = (
				D23D278629240F530094ABEA /* Home.swift */,
			);
			path = View;
			sourceTree = "<group>";
		};
		D2228FD8291FE9E800AA7E22 /* Model */ = {
			isa = PBXGroup;
			children = (
				D2228FD9291FEC1F00AA7E22 /* Plants.swift */,
			);
			path = Model;
			sourceTree = "<group>";
		};
/* End PBXGroup section */

/* Begin PBXNativeTarget section */
		D2228FA9291FE39300AA7E22 /* Plants */ = {
			isa = PBXNativeTarget;
			buildConfigurationList = D2228FCE291FE39800AA7E22 /* Build configuration list for PBXNativeTarget "Plants" */;
			buildPhases = (
				D2228FA6291FE39300AA7E22 /* Sources */,
				D2228FA7291FE39300AA7E22 /* Frameworks */,
				D2228FA8291FE39300AA7E22 /* Resources */,
			);
			buildRules = (
			);
			dependencies = (
			);
			name = Plants;
			productName = Plants;
			productReference = D2228FAA291FE39300AA7E22 /* Plants.app */;
			productType = "com.apple.product-type.application";
		};
		D2228FB9291FE39800AA7E22 /* PlantsTests */ = {
			isa = PBXNativeTarget;
			buildConfigurationList = D2228FD1291FE39800AA7E22 /* Build configuration list for PBXNativeTarget "PlantsTests" */;
			buildPhases = (
				D2228FB6291FE39800AA7E22 /* Sources */,
				D2228FB7291FE39800AA7E22 /* Frameworks */,
				D2228FB8291FE39800AA7E22 /* Resources */,
			);
			buildRules = (
			);
			dependencies = (
				D2228FBC291FE39800AA7E22 /* PBXTargetDependency */,
			);
			name = PlantsTests;
			productName = PlantsTests;
			productReference = D2228FBA291FE39800AA7E22 /* PlantsTests.xctest */;
			productType = "com.apple.product-type.bundle.unit-test";
		};
		D2228FC3291FE39800AA7E22 /* PlantsUITests */ = {
			isa = PBXNativeTarget;
			buildConfigurationList = D2228FD4291FE39800AA7E22 /* Build configuration list for PBXNativeTarget "PlantsUITests" */;
			buildPhases = (
				D2228FC0291FE39800AA7E22 /* Sources */,
				D2228FC1291FE39800AA7E22 /* Frameworks */,
				D2228FC2291FE39800AA7E22 /* Resources */,
			);
			buildRules = (
			);
			dependencies = (
				D2228FC6291FE39800AA7E22 /* PBXTargetDependency */,
			);
			name = PlantsUITests;
			productName = PlantsUITests;
			productReference = D2228FC4291FE39800AA7E22 /* PlantsUITests.xctest */;
			productType = "com.apple.product-type.bundle.ui-testing";
		};
/* End PBXNativeTarget section */

/* Begin PBXProject section */
		D2228FA2291FE39300AA7E22 /* Project object */ = {
			isa = PBXProject;
			attributes = {
				BuildIndependentTargetsInParallel = 1;
				LastSwiftUpdateCheck = 1340;
				LastUpgradeCheck = 1340;
				TargetAttributes = {
					D2228FA9291FE39300AA7E22 = {
						CreatedOnToolsVersion = 13.4.1;
					};
					D2228FB9291FE39800AA7E22 = {
						CreatedOnToolsVersion = 13.4.1;
						TestTargetID = D2228FA9291FE39300AA7E22;
					};
					D2228FC3291FE39800AA7E22 = {
						CreatedOnToolsVersion = 13.4.1;
						TestTargetID = D2228FA9291FE39300AA7E22;
					};
				};
			};
			buildConfigurationList = D2228FA5291FE39300AA7E22 /* Build configuration list for PBXProject "Plants" */;
			compatibilityVersion = "Xcode 13.0";
			developmentRegion = en;
			hasScannedForEncodings = 0;
			knownRegions = (
				en,
				Base,
			);
			mainGroup = D2228FA1291FE39300AA7E22;
			productRefGroup = D2228FAB291FE39300AA7E22 /* Products */;
			projectDirPath = "";
			projectRoot = "";
			targets = (
				D2228FA9291FE39300AA7E22 /* Plants */,
				D2228FB9291FE39800AA7E22 /* PlantsTests */,
				D2228FC3291FE39800AA7E22 /* PlantsUITests */,
			);
		};
/* End PBXProject section */

/* Begin PBXResourcesBuildPhase section */
		D2228FA8291FE39300AA7E22 /* Resources */ = {
			isa = PBXResourcesBuildPhase;
			buildActionMask = 2147483647;
			files = (
				D2228FDC291FF14C00AA7E22 /* Assets.xcassets in Resources */,
				D2228FB5291FE39800AA7E22 /* Preview Assets.xcassets in Resources */,
			);
			runOnlyForDeploymentPostprocessing = 0;
		};
		D2228FB8291FE39800AA7E22 /* Resources */ = {
			isa = PBXResourcesBuildPhase;
			buildActionMask = 2147483647;
			files = (
			);
			runOnlyForDeploymentPostprocessing = 0;
		};
		D2228FC2291FE39800AA7E22 /* Resources */ = {
			isa = PBXResourcesBuildPhase;
			buildActionMask = 2147483647;
			files = (
			);
			runOnlyForDeploymentPostprocessing = 0;
		};
/* End PBXResourcesBuildPhase section */

/* Begin PBXSourcesBuildPhase section */
		D2228FA6291FE39300AA7E22 /* Sources */ = {
			isa = PBXSourcesBuildPhase;
			buildActionMask = 2147483647;
			files = (
				D2228FB0291FE39300AA7E22 /* ContentView.swift in Sources */,
				D2228FAE291FE39300AA7E22 /* PlantsApp.swift in Sources */,
				D23D278729240F530094ABEA /* Home.swift in Sources */,
				D2228FDA291FEC1F00AA7E22 /* Plants.swift in Sources */,
			);
			runOnlyForDeploymentPostprocessing = 0;
		};
		D2228FB6291FE39800AA7E22 /* Sources */ = {
			isa = PBXSourcesBuildPhase;
			buildActionMask = 2147483647;
			files = (
				D2228FBF291FE39800AA7E22 /* PlantsTests.swift in Sources */,
			);
			runOnlyForDeploymentPostprocessing = 0;
		};
		D2228FC0291FE39800AA7E22 /* Sources */ = {
			isa = PBXSourcesBuildPhase;
			buildActionMask = 2147483647;
			files = (
				D2228FCB291FE39800AA7E22 /* PlantsUITestsLaunchTests.swift in Sources */,
				D2228FC9291FE39800AA7E22 /* PlantsUITests.swift in Sources */,
			);
			runOnlyForDeploymentPostprocessing = 0;
		};
/* End PBXSourcesBuildPhase section */

/* Begin PBXTargetDependency section */
		D2228FBC291FE39800AA7E22 /* PBXTargetDependency */ = {
			isa = PBXTargetDependency;
			target = D2228FA9291FE39300AA7E22 /* Plants */;
			targetProxy = D2228FBB291FE39800AA7E22 /* PBXContainerItemProxy */;
		};
		D2228FC6291FE39800AA7E22 /* PBXTargetDependency */ = {
			isa = PBXTargetDependency;
			target = D2228FA9291FE39300AA7E22 /* Plants */;
			targetProxy = D2228FC5291FE39800AA7E22 /* PBXContainerItemProxy */;
		};
/* End PBXTargetDependency section */

/* Begin XCBuildConfiguration section */
		D2228FCC291FE39800AA7E22 /* Debug */ = {
			isa = XCBuildConfiguration;
			buildSettings = {
				ALWAYS_SEARCH_USER_PATHS = NO;
				CLANG_ANALYZER_NONNULL = YES;
				CLANG_ANALYZER_NUMBER_OBJECT_CONVERSION = YES_AGGRESSIVE;
				CLANG_CXX_LANGUAGE_STANDARD = "gnu++17";
				CLANG_ENABLE_MODULES = YES;
				CLANG_ENABLE_OBJC_ARC = YES;
				CLANG_ENABLE_OBJC_WEAK = YES;
				CLANG_WARN_BLOCK_CAPTURE_AUTORELEASING = YES;
				CLANG_WARN_BOOL_CONVERSION = YES;
				CLANG_WARN_COMMA = YES;
				CLANG_WARN_CONSTANT_CONVERSION = YES;
				CLANG_WARN_DEPRECATED_OBJC_IMPLEMENTATIONS = YES;
				CLANG_WARN_DIRECT_OBJC_ISA_USAGE = YES_ERROR;
				CLANG_WARN_DOCUMENTATION_COMMENTS = YES;
				CLANG_WARN_EMPTY_BODY = YES;
				CLANG_WARN_ENUM_CONVERSION = YES;
				CLANG_WARN_INFINITE_RECURSION = YES;
				CLANG_WARN_INT_CONVERSION = YES;
				CLANG_WARN_NON_LITERAL_NULL_CONVERSION = YES;
				CLANG_WARN_OBJC_IMPLICIT_RETAIN_SELF = YES;
				CLANG_WARN_OBJC_LITERAL_CONVERSION = YES;
				CLANG_WARN_OBJC_ROOT_CLASS = YES_ERROR;
				CLANG_WARN_QUOTED_INCLUDE_IN_FRAMEWORK_HEADER = YES;
				CLANG_WARN_RANGE_LOOP_ANALYSIS = YES;
				CLANG_WARN_STRICT_PROTOTYPES = YES;
				CLANG_WARN_SUSPICIOUS_MOVE = YES;
				CLANG_WARN_UNGUARDED_AVAILABILITY = YES_AGGRESSIVE;
				CLANG_WARN_UNREACHABLE_CODE = YES;
				CLANG_WARN__DUPLICATE_METHOD_MATCH = YES;
				COPY_PHASE_STRIP = NO;
				DEBUG_INFORMATION_FORMAT = dwarf;
				ENABLE_STRICT_OBJC_MSGSEND = YES;
				ENABLE_TESTABILITY = YES;
				GCC_C_LANGUAGE_STANDARD = gnu11;
				GCC_DYNAMIC_NO_PIC = NO;
				GCC_NO_COMMON_BLOCKS = YES;
				GCC_OPTIMIZATION_LEVEL = 0;
				GCC_PREPROCESSOR_DEFINITIONS = (
					"DEBUG=1",
					"$(inherited)",
				);
				GCC_WARN_64_TO_32_BIT_CONVERSION = YES;
				GCC_WARN_ABOUT_RETURN_TYPE = YES_ERROR;
				GCC_WARN_UNDECLARED_SELECTOR = YES;
				GCC_WARN_UNINITIALIZED_AUTOS = YES_AGGRESSIVE;
				GCC_WARN_UNUSED_FUNCTION = YES;
				GCC_WARN_UNUSED_VARIABLE = YES;
				IPHONEOS_DEPLOYMENT_TARGET = 15.5;
				MTL_ENABLE_DEBUG_INFO = INCLUDE_SOURCE;
				MTL_FAST_MATH = YES;
				ONLY_ACTIVE_ARCH = YES;
				SDKROOT = iphoneos;
				SWIFT_ACTIVE_COMPILATION_CONDITIONS = DEBUG;
				SWIFT_OPTIMIZATION_LEVEL = "-Onone";
			};
			name = Debug;
		};
		D2228FCD291FE39800AA7E22 /* Release */ = {
			isa = XCBuildConfiguration;
			buildSettings = {
				ALWAYS_SEARCH_USER_PATHS = NO;
				CLANG_ANALYZER_NONNULL = YES;
				CLANG_ANALYZER_NUMBER_OBJECT_CONVERSION = YES_AGGRESSIVE;
				CLANG_CXX_LANGUAGE_STANDARD = "gnu++17";
				CLANG_ENABLE_MODULES = YES;
				CLANG_ENABLE_OBJC_ARC = YES;
				CLANG_ENABLE_OBJC_WEAK = YES;
				CLANG_WARN_BLOCK_CAPTURE_AUTORELEASING = YES;
				CLANG_WARN_BOOL_CONVERSION = YES;
				CLANG_WARN_COMMA = YES;
				CLANG_WARN_CONSTANT_CONVERSION = YES;
				CLANG_WARN_DEPRECATED_OBJC_IMPLEMENTATIONS = YES;
				CLANG_WARN_DIRECT_OBJC_ISA_USAGE = YES_ERROR;
				CLANG_WARN_DOCUMENTATION_COMMENTS = YES;
				CLANG_WARN_EMPTY_BODY = YES;
				CLANG_WARN_ENUM_CONVERSION = YES;
				CLANG_WARN_INFINITE_RECURSION = YES;
				CLANG_WARN_INT_CONVERSION = YES;
				CLANG_WARN_NON_LITERAL_NULL_CONVERSION = YES;
				CLANG_WARN_OBJC_IMPLICIT_RETAIN_SELF = YES;
				CLANG_WARN_OBJC_LITERAL_CONVERSION = YES;
				CLANG_WARN_OBJC_ROOT_CLASS = YES_ERROR;
				CLANG_WARN_QUOTED_INCLUDE_IN_FRAMEWORK_HEADER = YES;
				CLANG_WARN_RANGE_LOOP_ANALYSIS = YES;
				CLANG_WARN_STRICT_PROTOTYPES = YES;
				CLANG_WARN_SUSPICIOUS_MOVE = YES;
				CLANG_WARN_UNGUARDED_AVAILABILITY = YES_AGGRESSIVE;
				CLANG_WARN_UNREACHABLE_CODE = YES;
				CLANG_WARN__DUPLICATE_METHOD_MATCH = YES;
				COPY_PHASE_STRIP = NO;
				DEBUG_INFORMATION_FORMAT = "dwarf-with-dsym";
				ENABLE_NS_ASSERTIONS = NO;
				ENABLE_STRICT_OBJC_MSGSEND = YES;
				GCC_C_LANGUAGE_STANDARD = gnu11;
				GCC_NO_COMMON_BLOCKS = YES;
				GCC_WARN_64_TO_32_BIT_CONVERSION = YES;
				GCC_WARN_ABOUT_RETURN_TYPE = YES_ERROR;
				GCC_WARN_UNDECLARED_SELECTOR = YES;
				GCC_WARN_UNINITIALIZED_AUTOS = YES_AGGRESSIVE;
				GCC_WARN_UNUSED_FUNCTION = YES;
				GCC_WARN_UNUSED_VARIABLE = YES;
				IPHONEOS_DEPLOYMENT_TARGET = 15.5;
				MTL_ENABLE_DEBUG_INFO = NO;
				MTL_FAST_MATH = YES;
				SDKROOT = iphoneos;
				SWIFT_COMPILATION_MODE = wholemodule;
				SWIFT_OPTIMIZATION_LEVEL = "-O";
				VALIDATE_PRODUCT = YES;
			};
			name = Release;
		};
		D2228FCF291FE39800AA7E22 /* Debug */ = {
			isa = XCBuildConfiguration;
			buildSettings = {
				ASSETCATALOG_COMPILER_APPICON_NAME = AppIcon;
				ASSETCATALOG_COMPILER_GLOBAL_ACCENT_COLOR_NAME = AccentColor;
				CODE_SIGN_STYLE = Automatic;
				CURRENT_PROJECT_VERSION = 1;
				DEVELOPMENT_ASSET_PATHS = "\"Plants/Preview Content\"";
				ENABLE_PREVIEWS = YES;
				GENERATE_INFOPLIST_FILE = YES;
				INFOPLIST_KEY_UIApplicationSceneManifest_Generation = YES;
				INFOPLIST_KEY_UIApplicationSupportsIndirectInputEvents = YES;
				INFOPLIST_KEY_UILaunchScreen_Generation = YES;
				INFOPLIST_KEY_UISupportedInterfaceOrientations_iPad = "UIInterfaceOrientationPortrait UIInterfaceOrientationPortraitUpsideDown UIInterfaceOrientationLandscapeLeft UIInterfaceOrientationLandscapeRight";
				INFOPLIST_KEY_UISupportedInterfaceOrientations_iPhone = "UIInterfaceOrientationPortrait UIInterfaceOrientationLandscapeLeft UIInterfaceOrientationLandscapeRight";
				LD_RUNPATH_SEARCH_PATHS = (
					"$(inherited)",
					"@executable_path/Frameworks",
				);
				MARKETING_VERSION = 1.0;
				PRODUCT_BUNDLE_IDENTIFIER = JRSoftware.Plants;
				PRODUCT_NAME = "$(TARGET_NAME)";
				SWIFT_EMIT_LOC_STRINGS = YES;
				SWIFT_VERSION = 5.0;
				TARGETED_DEVICE_FAMILY = "1,2";
			};
			name = Debug;
		};
		D2228FD0291FE39800AA7E22 /* Release */ = {
			isa = XCBuildConfiguration;
			buildSettings = {
				ASSETCATALOG_COMPILER_APPICON_NAME = AppIcon;
				ASSETCATALOG_COMPILER_GLOBAL_ACCENT_COLOR_NAME = AccentColor;
				CODE_SIGN_STYLE = Automatic;
				CURRENT_PROJECT_VERSION = 1;
				DEVELOPMENT_ASSET_PATHS = "\"Plants/Preview Content\"";
				ENABLE_PREVIEWS = YES;
				GENERATE_INFOPLIST_FILE = YES;
				INFOPLIST_KEY_UIApplicationSceneManifest_Generation = YES;
				INFOPLIST_KEY_UIApplicationSupportsIndirectInputEvents = YES;
				INFOPLIST_KEY_UILaunchScreen_Generation = YES;
				INFOPLIST_KEY_UISupportedInterfaceOrientations_iPad = "UIInterfaceOrientationPortrait UIInterfaceOrientationPortraitUpsideDown UIInterfaceOrientationLandscapeLeft UIInterfaceOrientationLandscapeRight";
				INFOPLIST_KEY_UISupportedInterfaceOrientations_iPhone = "UIInterfaceOrientationPortrait UIInterfaceOrientationLandscapeLeft UIInterfaceOrientationLandscapeRight";
				LD_RUNPATH_SEARCH_PATHS = (
					"$(inherited)",
					"@executable_path/Frameworks",
				);
				MARKETING_VERSION = 1.0;
				PRODUCT_BUNDLE_IDENTIFIER = JRSoftware.Plants;
				PRODUCT_NAME = "$(TARGET_NAME)";
				SWIFT_EMIT_LOC_STRINGS = YES;
				SWIFT_VERSION = 5.0;
				TARGETED_DEVICE_FAMILY = "1,2";
			};
			name = Release;
		};
		D2228FD2291FE39800AA7E22 /* Debug */ = {
			isa = XCBuildConfiguration;
			buildSettings = {
				ALWAYS_EMBED_SWIFT_STANDARD_LIBRARIES = YES;
				BUNDLE_LOADER = "$(TEST_HOST)";
				CODE_SIGN_STYLE = Automatic;
				CURRENT_PROJECT_VERSION = 1;
				GENERATE_INFOPLIST_FILE = YES;
				IPHONEOS_DEPLOYMENT_TARGET = 15.5;
				MARKETING_VERSION = 1.0;
				PRODUCT_BUNDLE_IDENTIFIER = JRSoftware.PlantsTests;
				PRODUCT_NAME = "$(TARGET_NAME)";
				SWIFT_EMIT_LOC_STRINGS = NO;
				SWIFT_VERSION = 5.0;
				TARGETED_DEVICE_FAMILY = "1,2";
				TEST_HOST = "$(BUILT_PRODUCTS_DIR)/Plants.app/Plants";
			};
			name = Debug;
		};
		D2228FD3291FE39800AA7E22 /* Release */ = {
			isa = XCBuildConfiguration;
			buildSettings = {
				ALWAYS_EMBED_SWIFT_STANDARD_LIBRARIES = YES;
				BUNDLE_LOADER = "$(TEST_HOST)";
				CODE_SIGN_STYLE = Automatic;
				CURRENT_PROJECT_VERSION = 1;
				GENERATE_INFOPLIST_FILE = YES;
				IPHONEOS_DEPLOYMENT_TARGET = 15.5;
				MARKETING_VERSION = 1.0;
				PRODUCT_BUNDLE_IDENTIFIER = JRSoftware.PlantsTests;
				PRODUCT_NAME = "$(TARGET_NAME)";
				SWIFT_EMIT_LOC_STRINGS = NO;
				SWIFT_VERSION = 5.0;
				TARGETED_DEVICE_FAMILY = "1,2";
				TEST_HOST = "$(BUILT_PRODUCTS_DIR)/Plants.app/Plants";
			};
			name = Release;
		};
		D2228FD5291FE39800AA7E22 /* Debug */ = {
			isa = XCBuildConfiguration;
			buildSettings = {
				ALWAYS_EMBED_SWIFT_STANDARD_LIBRARIES = YES;
				CODE_SIGN_STYLE = Automatic;
				CURRENT_PROJECT_VERSION = 1;
				GENERATE_INFOPLIST_FILE = YES;
				MARKETING_VERSION = 1.0;
				PRODUCT_BUNDLE_IDENTIFIER = JRSoftware.PlantsUITests;
				PRODUCT_NAME = "$(TARGET_NAME)";
				SWIFT_EMIT_LOC_STRINGS = NO;
				SWIFT_VERSION = 5.0;
				TARGETED_DEVICE_FAMILY = "1,2";
				TEST_TARGET_NAME = Plants;
			};
			name = Debug;
		};
		D2228FD6291FE39800AA7E22 /* Release */ = {
			isa = XCBuildConfiguration;
			buildSettings = {
				ALWAYS_EMBED_SWIFT_STANDARD_LIBRARIES = YES;
				CODE_SIGN_STYLE = Automatic;
				CURRENT_PROJECT_VERSION = 1;
				GENERATE_INFOPLIST_FILE = YES;
				MARKETING_VERSION = 1.0;
				PRODUCT_BUNDLE_IDENTIFIER = JRSoftware.PlantsUITests;
				PRODUCT_NAME = "$(TARGET_NAME)";
				SWIFT_EMIT_LOC_STRINGS = NO;
				SWIFT_VERSION = 5.0;
				TARGETED_DEVICE_FAMILY = "1,2";
				TEST_TARGET_NAME = Plants;
			};
			name = Release;
		};
/* End XCBuildConfiguration section */

/* Begin XCConfigurationList section */
		D2228FA5291FE39300AA7E22 /* Build configuration list for PBXProject "Plants" */ = {
			isa = XCConfigurationList;
			buildConfigurations = (
				D2228FCC291FE39800AA7E22 /* Debug */,
				D2228FCD291FE39800AA7E22 /* Release */,
			);
			defaultConfigurationIsVisible = 0;
			defaultConfigurationName = Release;
		};
		D2228FCE291FE39800AA7E22 /* Build configuration list for PBXNativeTarget "Plants" */ = {
			isa = XCConfigurationList;
			buildConfigurations = (
				D2228FCF291FE39800AA7E22 /* Debug */,
				D2228FD0291FE39800AA7E22 /* Release */,
			);
			defaultConfigurationIsVisible = 0;
			defaultConfigurationName = Release;
		};
		D2228FD1291FE39800AA7E22 /* Build configuration list for PBXNativeTarget "PlantsTests" */ = {
			isa = XCConfigurationList;
			buildConfigurations = (
				D2228FD2291FE39800AA7E22 /* Debug */,
				D2228FD3291FE39800AA7E22 /* Release */,
			);
			defaultConfigurationIsVisible = 0;
			defaultConfigurationName = Release;
		};
		D2228FD4291FE39800AA7E22 /* Build configuration list for PBXNativeTarget "PlantsUITests" */ = {
			isa = XCConfigurationList;
			buildConfigurations = (
				D2228FD5291FE39800AA7E22 /* Debug */,
				D2228FD6291FE39800AA7E22 /* Release */,
			);
			defaultConfigurationIsVisible = 0;
			defaultConfigurationName = Release;
		};
/* End XCConfigurationList section */
	};
	rootObject = D2228FA2291FE39300AA7E22 /* Project object */;
}
